
Microsoft Visual Studio Solution File, Format Version 12.00
# Visual Studio 2012
Project("{FAE04EC0-301F-11D3-BF4B-00C04F79EFBC}") = "ReactiveSockets", "ReactiveSockets\ReactiveSockets.csproj", "{3B854D2F-1BC1-4080-A47A-9B53BA2F995D}"
EndProject
Project("{FAE04EC0-301F-11D3-BF4B-00C04F79EFBC}") = "ReactiveSockets.Tests", "ReactiveSockets.Tests\ReactiveSockets.Tests.csproj", "{0502F800-A9AC-41D6-A789-78B78A38CBB6}"
EndProject
Global
	GlobalSection(SolutionConfigurationPlatforms) = preSolution
		Debug|Any CPU = Debug|Any CPU
		Release|Any CPU = Release|Any CPU
	EndGlobalSection
	GlobalSection(ProjectConfigurationPlatforms) = postSolution
		{3B854D2F-1BC1-4080-A47A-9B53BA2F995D}.Debug|Any CPU.ActiveCfg = Debug|Any CPU
		{3B854D2F-1BC1-4080-A47A-9B53BA2F995D}.Debug|Any CPU.Build.0 = Debug|Any CPU
		{3B854D2F-1BC1-4080-A47A-9B53BA2F995D}.Release|Any CPU.ActiveCfg = Release|Any CPU
		{3B854D2F-1BC1-4080-A47A-9B53BA2F995D}.Release|Any CPU.Build.0 = Release|Any CPU
		{0502F800-A9AC-41D6-A789-78B78A38CBB6}.Debug|Any CPU.ActiveCfg = Debug|Any CPU
		{0502F800-A9AC-41D6-A789-78B78A38CBB6}.Debug|Any CPU.Build.0 = Debug|Any CPU
		{0502F800-A9AC-41D6-A789-78B78A38CBB6}.Release|Any CPU.ActiveCfg = Release|Any CPU
		{0502F800-A9AC-41D6-A789-78B78A38CBB6}.Release|Any CPU.Build.0 = Release|Any CPU
	EndGlobalSection
	GlobalSection(SolutionProperties) = preSolution
		HideSolutionNode = FALSE
	EndGlobalSection
EndGlobal
